
Microsoft Visual Studio Solution File, Format Version 12.00
# Visual Studio Version 16
VisualStudioVersion = 16.0.29613.14
MinimumVisualStudioVersion = 10.0.40219.1
Project("{8BC9CEB8-8B4A-11D0-8D11-00A0C91BC942}") = "LearningC++", "LearningC++\LearningC++.vcxproj", "{BE015485-4C60-4158-B9F5-D3CF0B3F719E}"
EndProject
Global
	GlobalSection(SolutionConfigurationPlatforms) = preSolution
		Debug|x64 = Debug|x64
		Debug|x86 = Debug|x86
		Release|x64 = Release|x64
		Release|x86 = Release|x86
	EndGlobalSection
	GlobalSection(ProjectConfigurationPlatforms) = postSolution
		{BE015485-4C60-4158-B9F5-D3CF0B3F719E}.Debug|x64.ActiveCfg = Debug|x64
		{BE015485-4C60-4158-B9F5-D3CF0B3F719E}.Debug|x64.Build.0 = Debug|x64
		{BE015485-4C60-4158-B9F5-D3CF0B3F719E}.Debug|x86.ActiveCfg = Debug|Win32
		{BE015485-4C60-4158-B9F5-D3CF0B3F719E}.Debug|x86.Build.0 = Debug|Win32
		{BE015485-4C60-4158-B9F5-D3CF0B3F719E}.Release|x64.ActiveCfg = Release|x64
		{BE015485-4C60-4158-B9F5-D3CF0B3F719E}.Release|x64.Build.0 = Release|x64
		{BE015485-4C60-4158-B9F5-D3CF0B3F719E}.Release|x86.ActiveCfg = Release|Win32
		{BE015485-4C60-4158-B9F5-D3CF0B3F719E}.Release|x86.Build.0 = Release|Win32
	EndGlobalSection
	GlobalSection(SolutionProperties) = preSolution
		HideSolutionNode = FALSE
	EndGlobalSection
	GlobalSection(ExtensibilityGlobals) = postSolution
		SolutionGuid = {04A1E5FC-C71E-46F3-B6B7-D9AD1B377C44}
	EndGlobalSection
EndGlobal
